// !$*UTF8*$!
{
	archiveVersion = 1;
	classes = {
	};
	objectVersion = 48;
	objects = {

/* Begin PBXBuildFile section */
		3AA30E991FD6D48C0059E27F /* AppDelegate.swift in Sources */ = {isa = PBXBuildFile; fileRef = 3AA30E981FD6D48C0059E27F /* AppDelegate.swift */; };
		3AA30E9B1FD6D48C0059E27F /* ViewController.swift in Sources */ = {isa = PBXBuildFile; fileRef = 3AA30E9A1FD6D48C0059E27F /* ViewController.swift */; };
		3AA30E9E1FD6D48C0059E27F /* Main.storyboard in Resources */ = {isa = PBXBuildFile; fileRef = 3AA30E9C1FD6D48C0059E27F /* Main.storyboard */; };
		3AA30EA01FD6D48C0059E27F /* Assets.xcassets in Resources */ = {isa = PBXBuildFile; fileRef = 3AA30E9F1FD6D48C0059E27F /* Assets.xcassets */; };
		3AA30EA31FD6D48C0059E27F /* LaunchScreen.storyboard in Resources */ = {isa = PBXBuildFile; fileRef = 3AA30EA11FD6D48C0059E27F /* LaunchScreen.storyboard */; };
/* End PBXBuildFile section */

/* Begin PBXFileReference section */
		3AA30E951FD6D48C0059E27F /* Assignment 17.app */ = {isa = PBXFileReference; explicitFileType = wrapper.application; includeInIndex = 0; path = "Assignment 17.app"; sourceTree = BUILT_PRODUCTS_DIR; };
		3AA30E981FD6D48C0059E27F /* AppDelegate.swift */ = {isa = PBXFileReference; lastKnownFileType = sourcecode.swift; path = AppDelegate.swift; sourceTree = "<group>"; };
		3AA30E9A1FD6D48C0059E27F /* ViewController.swift */ = {isa = PBXFileReference; lastKnownFileType = sourcecode.swift; path = ViewController.swift; sourceTree = "<group>"; };
		3AA30E9D1FD6D48C0059E27F /* Base */ = {isa = PBXFileReference; lastKnownFileType = file.storyboard; name = Base; path = Base.lproj/Main.storyboard; sourceTree = "<group>"; };
		3AA30E9F1FD6D48C0059E27F /* Assets.xcassets */ = {isa = PBXFileReference; lastKnownFileType = folder.assetcatalog; path = Assets.xcassets; sourceTree = "<group>"; };
		3AA30EA21FD6D48C0059E27F /* Base */ = {isa = PBXFileReference; lastKnownFileType = file.storyboard; name = Base; path = Base.lproj/LaunchScreen.storyboard; sourceTree = "<group>"; };
		3AA30EA41FD6D48C0059E27F /* Info.plist */ = {isa = PBXFileReference; lastKnownFileType = text.plist.xml; path = Info.plist; sourceTree = "<group>"; };
/* End PBXFileReference section */

/* Begin PBXFrameworksBuildPhase section */
		3AA30E921FD6D48B0059E27F /* Frameworks */ = {
			isa = PBXFrameworksBuildPhase;
			buildActionMask = 2147483647;
			files = (
			);
			runOnlyForDeploymentPostprocessing = 0;
		};
/* End PBXFrameworksBuildPhase section */

/* Begin PBXGroup section */
		3AA30E8C1FD6D48B0059E27F = {
			isa = PBXGroup;
			children = (
				3AA30E971FD6D48C0059E27F /* Assignment 17 */,
				3AA30E961FD6D48C0059E27F /* Products */,
			);
			sourceTree = "<group>";
		};
		3AA30E961FD6D48C0059E27F /* Products */ = {
			isa = PBXGroup;
			children = (
				3AA30E951FD6D48C0059E27F /* Assignment 17.app */,
			);
			name = Products;
			sourceTree = "<group>";
		};
		3AA30E971FD6D48C0059E27F /* Assignment 17 */ = {
			isa = PBXGroup;
			children = (
				3AA30E981FD6D48C0059E27F /* AppDelegate.swift */,
				3AA30E9A1FD6D48C0059E27F /* ViewController.swift */,
				3AA30E9C1FD6D48C0059E27F /* Main.storyboard */,
				3AA30E9F1FD6D48C0059E27F /* Assets.xcassets */,
				3AA30EA11FD6D48C0059E27F /* LaunchScreen.storyboard */,
				3AA30EA41FD6D48C0059E27F /* Info.plist */,
			);
			path = "Assignment 17";
			sourceTree = "<group>";
		};
/* End PBXGroup section */

/* Begin PBXNativeTarget section */
		3AA30E941FD6D48B0059E27F /* Assignment 17 */ = {
			isa = PBXNativeTarget;
			buildConfigurationList = 3AA30EA71FD6D48C0059E27F /* Build configuration list for PBXNativeTarget "Assignment 17" */;
			buildPhases = (
				3AA30E911FD6D48B0059E27F /* Sources */,
				3AA30E921FD6D48B0059E27F /* Frameworks */,
				3AA30E931FD6D48B0059E27F /* Resources */,
			);
			buildRules = (
			);
			dependencies = (
			);
			name = "Assignment 17";
			productName = "Assignment 17";
			productReference = 3AA30E951FD6D48C0059E27F /* Assignment 17.app */;
			productType = "com.apple.product-type.application";
		};
/* End PBXNativeTarget section */

/* Begin PBXProject section */
		3AA30E8D1FD6D48B0059E27F /* Project object */ = {
			isa = PBXProject;
			attributes = {
				LastSwiftUpdateCheck = 0920;
				LastUpgradeCheck = 0920;
				ORGANIZATIONNAME = Paulo;
				TargetAttributes = {
					3AA30E941FD6D48B0059E27F = {
						CreatedOnToolsVersion = 9.2;
						ProvisioningStyle = Automatic;
					};
				};
			};
			buildConfigurationList = 3AA30E901FD6D48B0059E27F /* Build configuration list for PBXProject "Assignment 17" */;
			compatibilityVersion = "Xcode 8.0";
			developmentRegion = en;
			hasScannedForEncodings = 0;
			knownRegions = (
				en,
				Base,
			);
			mainGroup = 3AA30E8C1FD6D48B0059E27F;
			productRefGroup = 3AA30E961FD6D48C0059E27F /* Products */;
			projectDirPath = "";
			projectRoot = "";
			targets = (
				3AA30E941FD6D48B0059E27F /* Assignment 17 */,
			);
		};
/* End PBXProject section */

/* Begin PBXResourcesBuildPhase section */
		3AA30E931FD6D48B0059E27F /* Resources */ = {
			isa = PBXResourcesBuildPhase;
			buildActionMask = 2147483647;
			files = (
				3AA30EA31FD6D48C0059E27F /* LaunchScreen.storyboard in Resources */,
				3AA30EA01FD6D48C0059E27F /* Assets.xcassets in Resources */,
				3AA30E9E1FD6D48C0059E27F /* Main.storyboard in Resources */,
			);
			runOnlyForDeploymentPostprocessing = 0;
		};
/* End PBXResourcesBuildPhase section */

/* Begin PBXSourcesBuildPhase section */
		3AA30E911FD6D48B0059E27F /* Sources */ = {
			isa = PBXSourcesBuildPhase;
			buildActionMask = 2147483647;
			files = (
				3AA30E9B1FD6D48C0059E27F /* ViewController.swift in Sources */,
				3AA30E991FD6D48C0059E27F /* AppDelegate.swift in Sources */,
			);
			runOnlyForDeploymentPostprocessing = 0;
		};
/* End PBXSourcesBuildPhase section */

/* Begin PBXVariantGroup section */
		3AA30E9C1FD6D48C0059E27F /* Main.storyboard */ = {
			isa = PBXVariantGroup;
			children = (
				3AA30E9D1FD6D48C0059E27F /* Base */,
			);
			name = Main.storyboard;
			sourceTree = "<group>";
		};
		3AA30EA11FD6D48C0059E27F /* LaunchScreen.storyboard */ = {
			isa = PBXVariantGroup;
			children = (
				3AA30EA21FD6D48C0059E27F /* Base */,
			);
			name = LaunchScreen.storyboard;
			sourceTree = "<group>";
		};
/* End PBXVariantGroup section */

/* Begin XCBuildConfiguration section */
		3AA30EA51FD6D48C0059E27F /* Debug */ = {
			isa = XCBuildConfiguration;
			buildSettings = {
				ALWAYS_SEARCH_USER_PATHS = NO;
				CLANG_ANALYZER_NONNULL = YES;
				CLANG_ANALYZER_NUMBER_OBJECT_CONVERSION = YES_AGGRESSIVE;
				CLANG_CXX_LANGUAGE_STANDARD = "gnu++14";
				CLANG_CXX_LIBRARY = "libc++";
				CLANG_ENABLE_MODULES = YES;
				CLANG_ENABLE_OBJC_ARC = YES;
				CLANG_WARN_BLOCK_CAPTURE_AUTORELEASING = YES;
				CLANG_WARN_BOOL_CONVERSION = YES;
				CLANG_WARN_COMMA = YES;
				CLANG_WARN_CONSTANT_CONVERSION = YES;
				CLANG_WARN_DIRECT_OBJC_ISA_USAGE = YES_ERROR;
				CLANG_WARN_DOCUMENTATION_COMMENTS = YES;
				CLANG_WARN_EMPTY_BODY = YES;
				CLANG_WARN_ENUM_CONVERSION = YES;
				CLANG_WARN_INFINITE_RECURSION = YES;
				CLANG_WARN_INT_CONVERSION = YES;
				CLANG_WARN_NON_LITERAL_NULL_CONVERSION = YES;
				CLANG_WARN_OBJC_LITERAL_CONVERSION = YES;
				CLANG_WARN_OBJC_ROOT_CLASS = YES_ERROR;
				CLANG_WARN_RANGE_LOOP_ANALYSIS = YES;
				CLANG_WARN_STRICT_PROTOTYPES = YES;
				CLANG_WARN_SUSPICIOUS_MOVE = YES;
				CLANG_WARN_UNGUARDED_AVAILABILITY = YES_AGGRESSIVE;
				CLANG_WARN_UNREACHABLE_CODE = YES;
				CLANG_WARN__DUPLICATE_METHOD_MATCH = YES;
				CODE_SIGN_IDENTITY = "iPhone Developer";
				COPY_PHASE_STRIP = NO;
				DEBUG_INFORMATION_FORMAT = dwarf;
				ENABLE_STRICT_OBJC_MSGSEND = YES;
				ENABLE_TESTABILITY = YES;
				GCC_C_LANGUAGE_STANDARD = gnu11;
				GCC_DYNAMIC_NO_PIC = NO;
				GCC_NO_COMMON_BLOCKS = YES;
				GCC_OPTIMIZATION_LEVEL = 0;
				GCC_PREPROCESSOR_DEFINITIONS = (
					"DEBUG=1",
					"$(inherited)",
				);
				GCC_WARN_64_TO_32_BIT_CONVERSION = YES;
				GCC_WARN_ABOUT_RETURN_TYPE = YES_ERROR;
				GCC_WARN_UNDECLARED_SELECTOR = YES;
				GCC_WARN_UNINITIALIZED_AUTOS = YES_AGGRESSIVE;
				GCC_WARN_UNUSED_FUNCTION = YES;
				GCC_WARN_UNUSED_VARIABLE = YES;
				IPHONEOS_DEPLOYMENT_TARGET = 11.2;
				MTL_ENABLE_DEBUG_INFO = YES;
				ONLY_ACTIVE_ARCH = YES;
				SDKROOT = iphoneos;
				SWIFT_ACTIVE_COMPILATION_CONDITIONS = DEBUG;
				SWIFT_OPTIMIZATION_LEVEL = "-Onone";
			};
			name = Debug;
		};
		3AA30EA61FD6D48C0059E27F /* Release */ = {
			isa = XCBuildConfiguration;
			buildSettings = {
				ALWAYS_SEARCH_USER_PATHS = NO;
				CLANG_ANALYZER_NONNULL = YES;
				CLANG_ANALYZER_NUMBER_OBJECT_CONVERSION = YES_AGGRESSIVE;
				CLANG_CXX_LANGUAGE_STANDARD = "gnu++14";
				CLANG_CXX_LIBRARY = "libc++";
				CLANG_ENABLE_MODULES = YES;
				CLANG_ENABLE_OBJC_ARC = YES;
				CLANG_WARN_BLOCK_CAPTURE_AUTORELEASING = YES;
				CLANG_WARN_BOOL_CONVERSION = YES;
				CLANG_WARN_COMMA = YES;
				CLANG_WARN_CONSTANT_CONVERSION = YES;
				CLANG_WARN_DIRECT_OBJC_ISA_USAGE = YES_ERROR;
				CLANG_WARN_DOCUMENTATION_COMMENTS = YES;
				CLANG_WARN_EMPTY_BODY = YES;
				CLANG_WARN_ENUM_CONVERSION = YES;
				CLANG_WARN_INFINITE_RECURSION = YES;
				CLANG_WARN_INT_CONVERSION = YES;
				CLANG_WARN_NON_LITERAL_NULL_CONVERSION = YES;
				CLANG_WARN_OBJC_LITERAL_CONVERSION = YES;
				CLANG_WARN_OBJC_ROOT_CLASS = YES_ERROR;
				CLANG_WARN_RANGE_LOOP_ANALYSIS = YES;
				CLANG_WARN_STRICT_PROTOTYPES = YES;
				CLANG_WARN_SUSPICIOUS_MOVE = YES;
				CLANG_WARN_UNGUARDED_AVAILABILITY = YES_AGGRESSIVE;
				CLANG_WARN_UNREACHABLE_CODE = YES;
				CLANG_WARN__DUPLICATE_METHOD_MATCH = YES;
				CODE_SIGN_IDENTITY = "iPhone Developer";
				COPY_PHASE_STRIP = NO;
				DEBUG_INFORMATION_FORMAT = "dwarf-with-dsym";
				ENABLE_NS_ASSERTIONS = NO;
				ENABLE_STRICT_OBJC_MSGSEND = YES;
				GCC_C_LANGUAGE_STANDARD = gnu11;
				GCC_NO_COMMON_BLOCKS = YES;
				GCC_WARN_64_TO_32_BIT_CONVERSION = YES;
				GCC_WARN_ABOUT_RETURN_TYPE = YES_ERROR;
				GCC_WARN_UNDECLARED_SELECTOR = YES;
				GCC_WARN_UNINITIALIZED_AUTOS = YES_AGGRESSIVE;
				GCC_WARN_UNUSED_FUNCTION = YES;
				GCC_WARN_UNUSED_VARIABLE = YES;
				IPHONEOS_DEPLOYMENT_TARGET = 11.2;
				MTL_ENABLE_DEBUG_INFO = NO;
				SDKROOT = iphoneos;
				SWIFT_OPTIMIZATION_LEVEL = "-Owholemodule";
				VALIDATE_PRODUCT = YES;
			};
			name = Release;
		};
		3AA30EA81FD6D48C0059E27F /* Debug */ = {
			isa = XCBuildConfiguration;
			buildSettings = {
				ASSETCATALOG_COMPILER_APPICON_NAME = AppIcon;
				CODE_SIGN_STYLE = Automatic;
				INFOPLIST_FILE = "Assignment 17/Info.plist";
				LD_RUNPATH_SEARCH_PATHS = "$(inherited) @executable_path/Frameworks";
				PRODUCT_BUNDLE_IDENTIFIER = "paulo.Assignment-17";
				PRODUCT_NAME = "$(TARGET_NAME)";
				SWIFT_VERSION = 4.0;
				TARGETED_DEVICE_FAMILY = "1,2";
			};
			name = Debug;
		};
		3AA30EA91FD6D48C0059E27F /* Release */ = {
			isa = XCBuildConfiguration;
			buildSettings = {
				ASSETCATALOG_COMPILER_APPICON_NAME = AppIcon;
				CODE_SIGN_STYLE = Automatic;
				INFOPLIST_FILE = "Assignment 17/Info.plist";
				LD_RUNPATH_SEARCH_PATHS = "$(inherited) @executable_path/Frameworks";
				PRODUCT_BUNDLE_IDENTIFIER = "paulo.Assignment-17";
				PRODUCT_NAME = "$(TARGET_NAME)";
				SWIFT_VERSION = 4.0;
				TARGETED_DEVICE_FAMILY = "1,2";
			};
			name = Release;
		};
/* End XCBuildConfiguration section */

/* Begin XCConfigurationList section */
		3AA30E901FD6D48B0059E27F /* Build configuration list for PBXProject "Assignment 17" */ = {
			isa = XCConfigurationList;
			buildConfigurations = (
				3AA30EA51FD6D48C0059E27F /* Debug */,
				3AA30EA61FD6D48C0059E27F /* Release */,
			);
			defaultConfigurationIsVisible = 0;
			defaultConfigurationName = Release;
		};
		3AA30EA71FD6D48C0059E27F /* Build configuration list for PBXNativeTarget "Assignment 17" */ = {
			isa = XCConfigurationList;
			buildConfigurations = (
				3AA30EA81FD6D48C0059E27F /* Debug */,
				3AA30EA91FD6D48C0059E27F /* Release */,
			);
			defaultConfigurationIsVisible = 0;
			defaultConfigurationName = Release;
		};
/* End XCConfigurationList section */
	};
	rootObject = 3AA30E8D1FD6D48B0059E27F /* Project object */;
}
